# THIS IS AN AUTOGENERATED FILE. DO NOT EDIT THIS FILE DIRECTLY.
# yarn lockfile v1


"@types/content-type@^1.1.2":
  version "1.1.2"
  resolved "https://registry.yarnpkg.com/@types/content-type/-/content-type-1.1.2.tgz#bff0a1b7aa5bd48516c8ed7a6efefb1e85813245"

"@types/inflected@^1.1.29":
  version "1.1.29"
  resolved "http://registry.npmjs.org/@types/inflected/-/inflected-1.1.29.tgz#8ef717dcf618d84584f506108ea85cd852f6d3ab"

"@types/url-template@^2.0.28":
  version "2.0.28"
  resolved "https://registry.yarnpkg.com/@types/url-template/-/url-template-2.0.28.tgz#b692f0e72108c0165d541f9ab95e572fc966318b"

content-type@^1.0.2:
  version "1.0.2"
  resolved "https://registry.yarnpkg.com/content-type/-/content-type-1.0.2.tgz#b7d113aee7a8dd27bd21133c4dc2529df1721eed"

inflected@^2.0.4:
  version "2.0.4"
  resolved "https://registry.yarnpkg.com/inflected/-/inflected-2.0.4.tgz#323770961ccbe992a98ea930512e9a82d3d3ef77"

url-template@^2.0.8:
  version "2.0.8"
  resolved "https://registry.yarnpkg.com/url-template/-/url-template-2.0.8.tgz#fc565a3cccbff7730c775f5641f9555791439f21"
